// !$*UTF8*$!
{
	archiveVersion = 1;
	classes = {
	};
	objectVersion = 46;
	objects = {

/* Begin PBXBuildFile section */
		2488A3311EEE821700096FC2 /* ZYCRemoteAudioFile.m in Sources */ = {isa = PBXBuildFile; fileRef = 2488A3301EEE821700096FC2 /* ZYCRemoteAudioFile.m */; };
		2488A3341EEE8BC800096FC2 /* ZYCAudioDownLoader.m in Sources */ = {isa = PBXBuildFile; fileRef = 2488A3331EEE8BC800096FC2 /* ZYCAudioDownLoader.m */; };
		7E3D42F31EEBED7B008405FA /* ZYCRemoteResouseDelegate.m in Sources */ = {isa = PBXBuildFile; fileRef = 7E3D42F21EEBED7B008405FA /* ZYCRemoteResouseDelegate.m */; };
		7E3D42F61EEBF07E008405FA /* NSURL+Stream.m in Sources */ = {isa = PBXBuildFile; fileRef = 7E3D42F51EEBF07E008405FA /* NSURL+Stream.m */; };
		7E87FAFD1EE40CCD00863BD0 /* main.m in Sources */ = {isa = PBXBuildFile; fileRef = 7E87FAFC1EE40CCD00863BD0 /* main.m */; };
		7E87FB001EE40CCD00863BD0 /* AppDelegate.m in Sources */ = {isa = PBXBuildFile; fileRef = 7E87FAFF1EE40CCD00863BD0 /* AppDelegate.m */; };
		7E87FB031EE40CCD00863BD0 /* ViewController.m in Sources */ = {isa = PBXBuildFile; fileRef = 7E87FB021EE40CCD00863BD0 /* ViewController.m */; };
		7E87FB061EE40CCD00863BD0 /* Main.storyboard in Resources */ = {isa = PBXBuildFile; fileRef = 7E87FB041EE40CCD00863BD0 /* Main.storyboard */; };
		7E87FB081EE40CCD00863BD0 /* Assets.xcassets in Resources */ = {isa = PBXBuildFile; fileRef = 7E87FB071EE40CCD00863BD0 /* Assets.xcassets */; };
		7E87FB0B1EE40CCD00863BD0 /* LaunchScreen.storyboard in Resources */ = {isa = PBXBuildFile; fileRef = 7E87FB091EE40CCD00863BD0 /* LaunchScreen.storyboard */; };
		7E87FB151EE40EE200863BD0 /* ZYCRemotePlayer.m in Sources */ = {isa = PBXBuildFile; fileRef = 7E87FB141EE40EE200863BD0 /* ZYCRemotePlayer.m */; };
/* End PBXBuildFile section */

/* Begin PBXFileReference section */
		2488A32F1EEE821700096FC2 /* ZYCRemoteAudioFile.h */ = {isa = PBXFileReference; fileEncoding = 4; lastKnownFileType = sourcecode.c.h; path = ZYCRemoteAudioFile.h; sourceTree = "<group>"; };
		2488A3301EEE821700096FC2 /* ZYCRemoteAudioFile.m */ = {isa = PBXFileReference; fileEncoding = 4; lastKnownFileType = sourcecode.c.objc; path = ZYCRemoteAudioFile.m; sourceTree = "<group>"; };
		2488A3321EEE8BC800096FC2 /* ZYCAudioDownLoader.h */ = {isa = PBXFileReference; fileEncoding = 4; lastKnownFileType = sourcecode.c.h; path = ZYCAudioDownLoader.h; sourceTree = "<group>"; };
		2488A3331EEE8BC800096FC2 /* ZYCAudioDownLoader.m */ = {isa = PBXFileReference; fileEncoding = 4; lastKnownFileType = sourcecode.c.objc; path = ZYCAudioDownLoader.m; sourceTree = "<group>"; };
		7E3D42F11EEBED7B008405FA /* ZYCRemoteResouseDelegate.h */ = {isa = PBXFileReference; fileEncoding = 4; lastKnownFileType = sourcecode.c.h; path = ZYCRemoteResouseDelegate.h; sourceTree = "<group>"; };
		7E3D42F21EEBED7B008405FA /* ZYCRemoteResouseDelegate.m */ = {isa = PBXFileReference; fileEncoding = 4; lastKnownFileType = sourcecode.c.objc; path = ZYCRemoteResouseDelegate.m; sourceTree = "<group>"; };
		7E3D42F41EEBF07E008405FA /* NSURL+Stream.h */ = {isa = PBXFileReference; fileEncoding = 4; lastKnownFileType = sourcecode.c.h; path = "NSURL+Stream.h"; sourceTree = "<group>"; };
		7E3D42F51EEBF07E008405FA /* NSURL+Stream.m */ = {isa = PBXFileReference; fileEncoding = 4; lastKnownFileType = sourcecode.c.objc; path = "NSURL+Stream.m"; sourceTree = "<group>"; };
		7E87FAF81EE40CCD00863BD0 /* ZYCPlayer.app */ = {isa = PBXFileReference; explicitFileType = wrapper.application; includeInIndex = 0; path = ZYCPlayer.app; sourceTree = BUILT_PRODUCTS_DIR; };
		7E87FAFC1EE40CCD00863BD0 /* main.m */ = {isa = PBXFileReference; lastKnownFileType = sourcecode.c.objc; path = main.m; sourceTree = "<group>"; };
		7E87FAFE1EE40CCD00863BD0 /* AppDelegate.h */ = {isa = PBXFileReference; lastKnownFileType = sourcecode.c.h; path = AppDelegate.h; sourceTree = "<group>"; };
		7E87FAFF1EE40CCD00863BD0 /* AppDelegate.m */ = {isa = PBXFileReference; lastKnownFileType = sourcecode.c.objc; path = AppDelegate.m; sourceTree = "<group>"; };
		7E87FB011EE40CCD00863BD0 /* ViewController.h */ = {isa = PBXFileReference; lastKnownFileType = sourcecode.c.h; path = ViewController.h; sourceTree = "<group>"; };
		7E87FB021EE40CCD00863BD0 /* ViewController.m */ = {isa = PBXFileReference; lastKnownFileType = sourcecode.c.objc; path = ViewController.m; sourceTree = "<group>"; };
		7E87FB051EE40CCD00863BD0 /* Base */ = {isa = PBXFileReference; lastKnownFileType = file.storyboard; name = Base; path = Base.lproj/Main.storyboard; sourceTree = "<group>"; };
		7E87FB071EE40CCD00863BD0 /* Assets.xcassets */ = {isa = PBXFileReference; lastKnownFileType = folder.assetcatalog; path = Assets.xcassets; sourceTree = "<group>"; };
		7E87FB0A1EE40CCD00863BD0 /* Base */ = {isa = PBXFileReference; lastKnownFileType = file.storyboard; name = Base; path = Base.lproj/LaunchScreen.storyboard; sourceTree = "<group>"; };
		7E87FB0C1EE40CCD00863BD0 /* Info.plist */ = {isa = PBXFileReference; lastKnownFileType = text.plist.xml; path = Info.plist; sourceTree = "<group>"; };
		7E87FB131EE40EE200863BD0 /* ZYCRemotePlayer.h */ = {isa = PBXFileReference; fileEncoding = 4; lastKnownFileType = sourcecode.c.h; path = ZYCRemotePlayer.h; sourceTree = "<group>"; };
		7E87FB141EE40EE200863BD0 /* ZYCRemotePlayer.m */ = {isa = PBXFileReference; fileEncoding = 4; lastKnownFileType = sourcecode.c.objc; path = ZYCRemotePlayer.m; sourceTree = "<group>"; };
/* End PBXFileReference section */

/* Begin PBXFrameworksBuildPhase section */
		7E87FAF51EE40CCD00863BD0 /* Frameworks */ = {
			isa = PBXFrameworksBuildPhase;
			buildActionMask = 2147483647;
			files = (
			);
			runOnlyForDeploymentPostprocessing = 0;
		};
/* End PBXFrameworksBuildPhase section */

/* Begin PBXGroup section */
		7E87FAEF1EE40CCD00863BD0 = {
			isa = PBXGroup;
			children = (
				7E87FAFA1EE40CCD00863BD0 /* ZYCPlayer */,
				7E87FAF91EE40CCD00863BD0 /* Products */,
			);
			sourceTree = "<group>";
		};
		7E87FAF91EE40CCD00863BD0 /* Products */ = {
			isa = PBXGroup;
			children = (
				7E87FAF81EE40CCD00863BD0 /* ZYCPlayer.app */,
			);
			name = Products;
			sourceTree = "<group>";
		};
		7E87FAFA1EE40CCD00863BD0 /* ZYCPlayer */ = {
			isa = PBXGroup;
			children = (
				7E87FB121EE40EC700863BD0 /* Classes */,
				7E87FAFE1EE40CCD00863BD0 /* AppDelegate.h */,
				7E87FAFF1EE40CCD00863BD0 /* AppDelegate.m */,
				7E87FB011EE40CCD00863BD0 /* ViewController.h */,
				7E87FB021EE40CCD00863BD0 /* ViewController.m */,
				7E87FB041EE40CCD00863BD0 /* Main.storyboard */,
				7E87FB071EE40CCD00863BD0 /* Assets.xcassets */,
				7E87FB091EE40CCD00863BD0 /* LaunchScreen.storyboard */,
				7E87FB0C1EE40CCD00863BD0 /* Info.plist */,
				7E87FAFB1EE40CCD00863BD0 /* Supporting Files */,
			);
			path = ZYCPlayer;
			sourceTree = "<group>";
		};
		7E87FAFB1EE40CCD00863BD0 /* Supporting Files */ = {
			isa = PBXGroup;
			children = (
				7E87FAFC1EE40CCD00863BD0 /* main.m */,
			);
			name = "Supporting Files";
			sourceTree = "<group>";
		};
		7E87FB121EE40EC700863BD0 /* Classes */ = {
			isa = PBXGroup;
			children = (
				7E87FB131EE40EE200863BD0 /* ZYCRemotePlayer.h */,
				7E87FB141EE40EE200863BD0 /* ZYCRemotePlayer.m */,
				7E3D42F11EEBED7B008405FA /* ZYCRemoteResouseDelegate.h */,
				7E3D42F21EEBED7B008405FA /* ZYCRemoteResouseDelegate.m */,
				7E3D42F41EEBF07E008405FA /* NSURL+Stream.h */,
				7E3D42F51EEBF07E008405FA /* NSURL+Stream.m */,
				2488A32F1EEE821700096FC2 /* ZYCRemoteAudioFile.h */,
				2488A3301EEE821700096FC2 /* ZYCRemoteAudioFile.m */,
				2488A3321EEE8BC800096FC2 /* ZYCAudioDownLoader.h */,
				2488A3331EEE8BC800096FC2 /* ZYCAudioDownLoader.m */,
			);
			path = Classes;
			sourceTree = "<group>";
		};
/* End PBXGroup section */

/* Begin PBXNativeTarget section */
		7E87FAF71EE40CCD00863BD0 /* ZYCPlayer */ = {
			isa = PBXNativeTarget;
			buildConfigurationList = 7E87FB0F1EE40CCD00863BD0 /* Build configuration list for PBXNativeTarget "ZYCPlayer" */;
			buildPhases = (
				7E87FAF41EE40CCD00863BD0 /* Sources */,
				7E87FAF51EE40CCD00863BD0 /* Frameworks */,
				7E87FAF61EE40CCD00863BD0 /* Resources */,
			);
			buildRules = (
			);
			dependencies = (
			);
			name = ZYCPlayer;
			productName = ZYCPlayer;
			productReference = 7E87FAF81EE40CCD00863BD0 /* ZYCPlayer.app */;
			productType = "com.apple.product-type.application";
		};
/* End PBXNativeTarget section */

/* Begin PBXProject section */
		7E87FAF01EE40CCD00863BD0 /* Project object */ = {
			isa = PBXProject;
			attributes = {
				LastUpgradeCheck = 0830;
				ORGANIZATIONNAME = zhaoyongchuang;
				TargetAttributes = {
					7E87FAF71EE40CCD00863BD0 = {
						CreatedOnToolsVersion = 8.3.1;
						DevelopmentTeam = 9322C5V79H;
						ProvisioningStyle = Automatic;
					};
				};
			};
			buildConfigurationList = 7E87FAF31EE40CCD00863BD0 /* Build configuration list for PBXProject "ZYCPlayer" */;
			compatibilityVersion = "Xcode 3.2";
			developmentRegion = English;
			hasScannedForEncodings = 0;
			knownRegions = (
				en,
				Base,
			);
			mainGroup = 7E87FAEF1EE40CCD00863BD0;
			productRefGroup = 7E87FAF91EE40CCD00863BD0 /* Products */;
			projectDirPath = "";
			projectRoot = "";
			targets = (
				7E87FAF71EE40CCD00863BD0 /* ZYCPlayer */,
			);
		};
/* End PBXProject section */

/* Begin PBXResourcesBuildPhase section */
		7E87FAF61EE40CCD00863BD0 /* Resources */ = {
			isa = PBXResourcesBuildPhase;
			buildActionMask = 2147483647;
			files = (
				7E87FB0B1EE40CCD00863BD0 /* LaunchScreen.storyboard in Resources */,
				7E87FB081EE40CCD00863BD0 /* Assets.xcassets in Resources */,
				7E87FB061EE40CCD00863BD0 /* Main.storyboard in Resources */,
			);
			runOnlyForDeploymentPostprocessing = 0;
		};
/* End PBXResourcesBuildPhase section */

/* Begin PBXSourcesBuildPhase section */
		7E87FAF41EE40CCD00863BD0 /* Sources */ = {
			isa = PBXSourcesBuildPhase;
			buildActionMask = 2147483647;
			files = (
				7E87FB031EE40CCD00863BD0 /* ViewController.m in Sources */,
				7E87FB001EE40CCD00863BD0 /* AppDelegate.m in Sources */,
				2488A3311EEE821700096FC2 /* ZYCRemoteAudioFile.m in Sources */,
				7E87FAFD1EE40CCD00863BD0 /* main.m in Sources */,
				7E3D42F31EEBED7B008405FA /* ZYCRemoteResouseDelegate.m in Sources */,
				7E3D42F61EEBF07E008405FA /* NSURL+Stream.m in Sources */,
				2488A3341EEE8BC800096FC2 /* ZYCAudioDownLoader.m in Sources */,
				7E87FB151EE40EE200863BD0 /* ZYCRemotePlayer.m in Sources */,
			);
			runOnlyForDeploymentPostprocessing = 0;
		};
/* End PBXSourcesBuildPhase section */

/* Begin PBXVariantGroup section */
		7E87FB041EE40CCD00863BD0 /* Main.storyboard */ = {
			isa = PBXVariantGroup;
			children = (
				7E87FB051EE40CCD00863BD0 /* Base */,
			);
			name = Main.storyboard;
			sourceTree = "<group>";
		};
		7E87FB091EE40CCD00863BD0 /* LaunchScreen.storyboard */ = {
			isa = PBXVariantGroup;
			children = (
				7E87FB0A1EE40CCD00863BD0 /* Base */,
			);
			name = LaunchScreen.storyboard;
			sourceTree = "<group>";
		};
/* End PBXVariantGroup section */

/* Begin XCBuildConfiguration section */
		7E87FB0D1EE40CCD00863BD0 /* Debug */ = {
			isa = XCBuildConfiguration;
			buildSettings = {
				ALWAYS_SEARCH_USER_PATHS = NO;
				CLANG_ANALYZER_NONNULL = YES;
				CLANG_ANALYZER_NUMBER_OBJECT_CONVERSION = YES_AGGRESSIVE;
				CLANG_CXX_LANGUAGE_STANDARD = "gnu++0x";
				CLANG_CXX_LIBRARY = "libc++";
				CLANG_ENABLE_MODULES = YES;
				CLANG_ENABLE_OBJC_ARC = YES;
				CLANG_WARN_BOOL_CONVERSION = YES;
				CLANG_WARN_CONSTANT_CONVERSION = YES;
				CLANG_WARN_DIRECT_OBJC_ISA_USAGE = YES_ERROR;
				CLANG_WARN_DOCUMENTATION_COMMENTS = YES;
				CLANG_WARN_EMPTY_BODY = YES;
				CLANG_WARN_ENUM_CONVERSION = YES;
				CLANG_WARN_INFINITE_RECURSION = YES;
				CLANG_WARN_INT_CONVERSION = YES;
				CLANG_WARN_OBJC_ROOT_CLASS = YES_ERROR;
				CLANG_WARN_SUSPICIOUS_MOVE = YES;
				CLANG_WARN_UNREACHABLE_CODE = YES;
				CLANG_WARN__DUPLICATE_METHOD_MATCH = YES;
				"CODE_SIGN_IDENTITY[sdk=iphoneos*]" = "iPhone Developer";
				COPY_PHASE_STRIP = NO;
				DEBUG_INFORMATION_FORMAT = dwarf;
				ENABLE_STRICT_OBJC_MSGSEND = YES;
				ENABLE_TESTABILITY = YES;
				GCC_C_LANGUAGE_STANDARD = gnu99;
				GCC_DYNAMIC_NO_PIC = NO;
				GCC_NO_COMMON_BLOCKS = YES;
				GCC_OPTIMIZATION_LEVEL = 0;
				GCC_PREPROCESSOR_DEFINITIONS = (
					"DEBUG=1",
					"$(inherited)",
				);
				GCC_WARN_64_TO_32_BIT_CONVERSION = YES;
				GCC_WARN_ABOUT_RETURN_TYPE = YES_ERROR;
				GCC_WARN_UNDECLARED_SELECTOR = YES;
				GCC_WARN_UNINITIALIZED_AUTOS = YES_AGGRESSIVE;
				GCC_WARN_UNUSED_FUNCTION = YES;
				GCC_WARN_UNUSED_VARIABLE = YES;
				IPHONEOS_DEPLOYMENT_TARGET = 10.3;
				MTL_ENABLE_DEBUG_INFO = YES;
				ONLY_ACTIVE_ARCH = YES;
				SDKROOT = iphoneos;
				TARGETED_DEVICE_FAMILY = "1,2";
			};
			name = Debug;
		};
		7E87FB0E1EE40CCD00863BD0 /* Release */ = {
			isa = XCBuildConfiguration;
			buildSettings = {
				ALWAYS_SEARCH_USER_PATHS = NO;
				CLANG_ANALYZER_NONNULL = YES;
				CLANG_ANALYZER_NUMBER_OBJECT_CONVERSION = YES_AGGRESSIVE;
				CLANG_CXX_LANGUAGE_STANDARD = "gnu++0x";
				CLANG_CXX_LIBRARY = "libc++";
				CLANG_ENABLE_MODULES = YES;
				CLANG_ENABLE_OBJC_ARC = YES;
				CLANG_WARN_BOOL_CONVERSION = YES;
				CLANG_WARN_CONSTANT_CONVERSION = YES;
				CLANG_WARN_DIRECT_OBJC_ISA_USAGE = YES_ERROR;
				CLANG_WARN_DOCUMENTATION_COMMENTS = YES;
				CLANG_WARN_EMPTY_BODY = YES;
				CLANG_WARN_ENUM_CONVERSION = YES;
				CLANG_WARN_INFINITE_RECURSION = YES;
				CLANG_WARN_INT_CONVERSION = YES;
				CLANG_WARN_OBJC_ROOT_CLASS = YES_ERROR;
				CLANG_WARN_SUSPICIOUS_MOVE = YES;
				CLANG_WARN_UNREACHABLE_CODE = YES;
				CLANG_WARN__DUPLICATE_METHOD_MATCH = YES;
				"CODE_SIGN_IDENTITY[sdk=iphoneos*]" = "iPhone Developer";
				COPY_PHASE_STRIP = NO;
				DEBUG_INFORMATION_FORMAT = "dwarf-with-dsym";
				ENABLE_NS_ASSERTIONS = NO;
				ENABLE_STRICT_OBJC_MSGSEND = YES;
				GCC_C_LANGUAGE_STANDARD = gnu99;
				GCC_NO_COMMON_BLOCKS = YES;
				GCC_WARN_64_TO_32_BIT_CONVERSION = YES;
				GCC_WARN_ABOUT_RETURN_TYPE = YES_ERROR;
				GCC_WARN_UNDECLARED_SELECTOR = YES;
				GCC_WARN_UNINITIALIZED_AUTOS = YES_AGGRESSIVE;
				GCC_WARN_UNUSED_FUNCTION = YES;
				GCC_WARN_UNUSED_VARIABLE = YES;
				IPHONEOS_DEPLOYMENT_TARGET = 10.3;
				MTL_ENABLE_DEBUG_INFO = NO;
				SDKROOT = iphoneos;
				TARGETED_DEVICE_FAMILY = "1,2";
				VALIDATE_PRODUCT = YES;
			};
			name = Release;
		};
		7E87FB101EE40CCD00863BD0 /* Debug */ = {
			isa = XCBuildConfiguration;
			buildSettings = {
				ASSETCATALOG_COMPILER_APPICON_NAME = AppIcon;
				DEVELOPMENT_TEAM = 9322C5V79H;
				INFOPLIST_FILE = ZYCPlayer/Info.plist;
				IPHONEOS_DEPLOYMENT_TARGET = 10.1;
				LD_RUNPATH_SEARCH_PATHS = "$(inherited) @executable_path/Frameworks";
				PRODUCT_BUNDLE_IDENTIFIER = com.yongxin.www.ZYCPlayer;
				PRODUCT_NAME = "$(TARGET_NAME)";
			};
			name = Debug;
		};
		7E87FB111EE40CCD00863BD0 /* Release */ = {
			isa = XCBuildConfiguration;
			buildSettings = {
				ASSETCATALOG_COMPILER_APPICON_NAME = AppIcon;
				DEVELOPMENT_TEAM = 9322C5V79H;
				INFOPLIST_FILE = ZYCPlayer/Info.plist;
				IPHONEOS_DEPLOYMENT_TARGET = 10.1;
				LD_RUNPATH_SEARCH_PATHS = "$(inherited) @executable_path/Frameworks";
				PRODUCT_BUNDLE_IDENTIFIER = com.yongxin.www.ZYCPlayer;
				PRODUCT_NAME = "$(TARGET_NAME)";
			};
			name = Release;
		};
/* End XCBuildConfiguration section */

/* Begin XCConfigurationList section */
		7E87FAF31EE40CCD00863BD0 /* Build configuration list for PBXProject "ZYCPlayer" */ = {
			isa = XCConfigurationList;
			buildConfigurations = (
				7E87FB0D1EE40CCD00863BD0 /* Debug */,
				7E87FB0E1EE40CCD00863BD0 /* Release */,
			);
			defaultConfigurationIsVisible = 0;
			defaultConfigurationName = Release;
		};
		7E87FB0F1EE40CCD00863BD0 /* Build configuration list for PBXNativeTarget "ZYCPlayer" */ = {
			isa = XCConfigurationList;
			buildConfigurations = (
				7E87FB101EE40CCD00863BD0 /* Debug */,
				7E87FB111EE40CCD00863BD0 /* Release */,
			);
			defaultConfigurationIsVisible = 0;
			defaultConfigurationName = Release;
		};
/* End XCConfigurationList section */
	};
	rootObject = 7E87FAF01EE40CCD00863BD0 /* Project object */;
}
